// !$*UTF8*$!
{
	archiveVersion = 1;
	classes = {
	};
	objectVersion = 46;
	objects = {

/* Begin PBXBuildFile section */
		688D56FAE292ED4DACA08761 /* libPods-baibai.a in Frameworks */ = {isa = PBXBuildFile; fileRef = 085115BEDEEFD2EFB6F781F9 /* libPods-baibai.a */; };
		DCBE9AE31D8CEB8E00E9777A /* CYLPlusButton.m in Sources */ = {isa = PBXBuildFile; fileRef = DCBE9ADC1D8CEB8E00E9777A /* CYLPlusButton.m */; };
		DCBE9AE41D8CEB8E00E9777A /* CYLTabBar.m in Sources */ = {isa = PBXBuildFile; fileRef = DCBE9ADE1D8CEB8E00E9777A /* CYLTabBar.m */; };
		DCBE9AE51D8CEB8E00E9777A /* CYLTabBarController.m in Sources */ = {isa = PBXBuildFile; fileRef = DCBE9AE01D8CEB8E00E9777A /* CYLTabBarController.m */; };
		DCBE9AE61D8CEB8E00E9777A /* UIViewController+CYLTabBarControllerExtention.m in Sources */ = {isa = PBXBuildFile; fileRef = DCBE9AE21D8CEB8E00E9777A /* UIViewController+CYLTabBarControllerExtention.m */; };
		DCBE9AEA1D8CEC4E00E9777A /* CYLTabBarControllerConfig.m in Sources */ = {isa = PBXBuildFile; fileRef = DCBE9AE91D8CEC4E00E9777A /* CYLTabBarControllerConfig.m */; };
		DCBE9B961D8CEDAA00E9777A /* NSCalendar+Init.m in Sources */ = {isa = PBXBuildFile; fileRef = DCBE9B4D1D8CEDAA00E9777A /* NSCalendar+Init.m */; };
		DCBE9B971D8CEDAA00E9777A /* NSDate+Interval.m in Sources */ = {isa = PBXBuildFile; fileRef = DCBE9B4F1D8CEDAA00E9777A /* NSDate+Interval.m */; };
		DCBE9B981D8CEDAA00E9777A /* UIBarButtonItem+NLExtension.m in Sources */ = {isa = PBXBuildFile; fileRef = DCBE9B511D8CEDAA00E9777A /* UIBarButtonItem+NLExtension.m */; };
		DCBE9B991D8CEDAA00E9777A /* UIColor+Hex.m in Sources */ = {isa = PBXBuildFile; fileRef = DCBE9B531D8CEDAA00E9777A /* UIColor+Hex.m */; };
		DCBE9B9A1D8CEDAA00E9777A /* UIImage+Antialias.m in Sources */ = {isa = PBXBuildFile; fileRef = DCBE9B551D8CEDAA00E9777A /* UIImage+Antialias.m */; };
		DCBE9B9B1D8CEDAA00E9777A /* UIImage+Image.m in Sources */ = {isa = PBXBuildFile; fileRef = DCBE9B571D8CEDAA00E9777A /* UIImage+Image.m */; };
		DCBE9B9C1D8CEDAA00E9777A /* UIImageView+Download.m in Sources */ = {isa = PBXBuildFile; fileRef = DCBE9B591D8CEDAA00E9777A /* UIImageView+Download.m */; };
		DCBE9B9D1D8CEDAA00E9777A /* UIImageView+Header.m in Sources */ = {isa = PBXBuildFile; fileRef = DCBE9B5B1D8CEDAA00E9777A /* UIImageView+Header.m */; };
		DCBE9B9E1D8CEDAA00E9777A /* UIView+Frame.m in Sources */ = {isa = PBXBuildFile; fileRef = DCBE9B5D1D8CEDAA00E9777A /* UIView+Frame.m */; };
		DCBE9B9F1D8CEDAA00E9777A /* UIView+Init.m in Sources */ = {isa = PBXBuildFile; fileRef = DCBE9B5F1D8CEDAA00E9777A /* UIView+Init.m */; };
		DCBE9BA31D8CEDAA00E9777A /* XMGFileCacheManager.m in Sources */ = {isa = PBXBuildFile; fileRef = DCBE9B691D8CEDAA00E9777A /* XMGFileCacheManager.m */; };
		DCBE9BA61D8CF00200E9777A /* LIEssenceTableView.m in Sources */ = {isa = PBXBuildFile; fileRef = DCBE9BA51D8CF00200E9777A /* LIEssenceTableView.m */; };
		DCBE9BA91D8CF02300E9777A /* LIFriendTableViewController.m in Sources */ = {isa = PBXBuildFile; fileRef = DCBE9BA81D8CF02300E9777A /* LIFriendTableViewController.m */; };
		DCBE9BAC1D8CF03300E9777A /* LIMeTableViewController.m in Sources */ = {isa = PBXBuildFile; fileRef = DCBE9BAB1D8CF03300E9777A /* LIMeTableViewController.m */; };
		DCBE9BAF1D8CF0C300E9777A /* LIShopTableViewController.m in Sources */ = {isa = PBXBuildFile; fileRef = DCBE9BAE1D8CF0C300E9777A /* LIShopTableViewController.m */; };
		DCBE9BBC1D8D051500E9777A /* NLGlobeConst.m in Sources */ = {isa = PBXBuildFile; fileRef = DCBE9BBB1D8D051500E9777A /* NLGlobeConst.m */; };
		DCBE9BBF1D8D073800E9777A /* UIImageView+Header.m in Sources */ = {isa = PBXBuildFile; fileRef = DCBE9BBE1D8D073800E9777A /* UIImageView+Header.m */; };
		DCBE9BC21D8D07E100E9777A /* UIImage+Image.m in Sources */ = {isa = PBXBuildFile; fileRef = DCBE9BC11D8D07E100E9777A /* UIImage+Image.m */; };
		DCBE9BC71D8D08AD00E9777A /* NSCalendar+Init.m in Sources */ = {isa = PBXBuildFile; fileRef = DCBE9BC41D8D08AD00E9777A /* NSCalendar+Init.m */; };
		DCBE9BC81D8D08AD00E9777A /* NSDate+Interval.m in Sources */ = {isa = PBXBuildFile; fileRef = DCBE9BC61D8D08AD00E9777A /* NSDate+Interval.m */; };
		DCDE6A2B1D8C619400C8A45A /* main.m in Sources */ = {isa = PBXBuildFile; fileRef = DCDE6A2A1D8C619400C8A45A /* main.m */; };
		DCDE6A2E1D8C619400C8A45A /* AppDelegate.m in Sources */ = {isa = PBXBuildFile; fileRef = DCDE6A2D1D8C619400C8A45A /* AppDelegate.m */; };
		DCDE6A341D8C619400C8A45A /* Main.storyboard in Resources */ = {isa = PBXBuildFile; fileRef = DCDE6A321D8C619400C8A45A /* Main.storyboard */; };
		DCDE6A361D8C619400C8A45A /* Assets.xcassets in Resources */ = {isa = PBXBuildFile; fileRef = DCDE6A351D8C619400C8A45A /* Assets.xcassets */; };
		DCDE6A391D8C619400C8A45A /* LaunchScreen.storyboard in Resources */ = {isa = PBXBuildFile; fileRef = DCDE6A371D8C619400C8A45A /* LaunchScreen.storyboard */; };
/* End PBXBuildFile section */

/* Begin PBXFileReference section */
		085115BEDEEFD2EFB6F781F9 /* libPods-baibai.a */ = {isa = PBXFileReference; explicitFileType = archive.ar; includeInIndex = 0; path = "libPods-baibai.a"; sourceTree = BUILT_PRODUCTS_DIR; };
		53441B385638621E6DCB6CCE /* Pods-baibai.release.xcconfig */ = {isa = PBXFileReference; includeInIndex = 1; lastKnownFileType = text.xcconfig; name = "Pods-baibai.release.xcconfig"; path = "Pods/Target Support Files/Pods-baibai/Pods-baibai.release.xcconfig"; sourceTree = "<group>"; };
		DCBE9ADA1D8CEB8E00E9777A /* CYLConstants.h */ = {isa = PBXFileReference; fileEncoding = 4; lastKnownFileType = sourcecode.c.h; path = CYLConstants.h; sourceTree = "<group>"; };
		DCBE9ADB1D8CEB8E00E9777A /* CYLPlusButton.h */ = {isa = PBXFileReference; fileEncoding = 4; lastKnownFileType = sourcecode.c.h; path = CYLPlusButton.h; sourceTree = "<group>"; };
		DCBE9ADC1D8CEB8E00E9777A /* CYLPlusButton.m */ = {isa = PBXFileReference; fileEncoding = 4; lastKnownFileType = sourcecode.c.objc; path = CYLPlusButton.m; sourceTree = "<group>"; };
		DCBE9ADD1D8CEB8E00E9777A /* CYLTabBar.h */ = {isa = PBXFileReference; fileEncoding = 4; lastKnownFileType = sourcecode.c.h; path = CYLTabBar.h; sourceTree = "<group>"; };
		DCBE9ADE1D8CEB8E00E9777A /* CYLTabBar.m */ = {isa = PBXFileReference; fileEncoding = 4; lastKnownFileType = sourcecode.c.objc; path = CYLTabBar.m; sourceTree = "<group>"; };
		DCBE9ADF1D8CEB8E00E9777A /* CYLTabBarController.h */ = {isa = PBXFileReference; fileEncoding = 4; lastKnownFileType = sourcecode.c.h; path = CYLTabBarController.h; sourceTree = "<group>"; };
		DCBE9AE01D8CEB8E00E9777A /* CYLTabBarController.m */ = {isa = PBXFileReference; fileEncoding = 4; lastKnownFileType = sourcecode.c.objc; path = CYLTabBarController.m; sourceTree = "<group>"; };
		DCBE9AE11D8CEB8E00E9777A /* UIViewController+CYLTabBarControllerExtention.h */ = {isa = PBXFileReference; fileEncoding = 4; lastKnownFileType = sourcecode.c.h; path = "UIViewController+CYLTabBarControllerExtention.h"; sourceTree = "<group>"; };
		DCBE9AE21D8CEB8E00E9777A /* UIViewController+CYLTabBarControllerExtention.m */ = {isa = PBXFileReference; fileEncoding = 4; lastKnownFileType = sourcecode.c.objc; path = "UIViewController+CYLTabBarControllerExtention.m"; sourceTree = "<group>"; };
		DCBE9AE81D8CEC4E00E9777A /* CYLTabBarControllerConfig.h */ = {isa = PBXFileReference; fileEncoding = 4; lastKnownFileType = sourcecode.c.h; path = CYLTabBarControllerConfig.h; sourceTree = "<group>"; };
		DCBE9AE91D8CEC4E00E9777A /* CYLTabBarControllerConfig.m */ = {isa = PBXFileReference; fileEncoding = 4; lastKnownFileType = sourcecode.c.objc; path = CYLTabBarControllerConfig.m; sourceTree = "<group>"; };
		DCBE9B4C1D8CEDAA00E9777A /* NSCalendar+Init.h */ = {isa = PBXFileReference; fileEncoding = 4; lastKnownFileType = sourcecode.c.h; path = "NSCalendar+Init.h"; sourceTree = "<group>"; };
		DCBE9B4D1D8CEDAA00E9777A /* NSCalendar+Init.m */ = {isa = PBXFileReference; fileEncoding = 4; lastKnownFileType = sourcecode.c.objc; path = "NSCalendar+Init.m"; sourceTree = "<group>"; };
		DCBE9B4E1D8CEDAA00E9777A /* NSDate+Interval.h */ = {isa = PBXFileReference; fileEncoding = 4; lastKnownFileType = sourcecode.c.h; path = "NSDate+Interval.h"; sourceTree = "<group>"; };
		DCBE9B4F1D8CEDAA00E9777A /* NSDate+Interval.m */ = {isa = PBXFileReference; fileEncoding = 4; lastKnownFileType = sourcecode.c.objc; path = "NSDate+Interval.m"; sourceTree = "<group>"; };
		DCBE9B501D8CEDAA00E9777A /* UIBarButtonItem+NLExtension.h */ = {isa = PBXFileReference; fileEncoding = 4; lastKnownFileType = sourcecode.c.h; path = "UIBarButtonItem+NLExtension.h"; sourceTree = "<group>"; };
		DCBE9B511D8CEDAA00E9777A /* UIBarButtonItem+NLExtension.m */ = {isa = PBXFileReference; fileEncoding = 4; lastKnownFileType = sourcecode.c.objc; path = "UIBarButtonItem+NLExtension.m"; sourceTree = "<group>"; };
		DCBE9B521D8CEDAA00E9777A /* UIColor+Hex.h */ = {isa = PBXFileReference; fileEncoding = 4; lastKnownFileType = sourcecode.c.h; path = "UIColor+Hex.h"; sourceTree = "<group>"; };
		DCBE9B531D8CEDAA00E9777A /* UIColor+Hex.m */ = {isa = PBXFileReference; fileEncoding = 4; lastKnownFileType = sourcecode.c.objc; path = "UIColor+Hex.m"; sourceTree = "<group>"; };
		DCBE9B541D8CEDAA00E9777A /* UIImage+Antialias.h */ = {isa = PBXFileReference; fileEncoding = 4; lastKnownFileType = sourcecode.c.h; path = "UIImage+Antialias.h"; sourceTree = "<group>"; };
		DCBE9B551D8CEDAA00E9777A /* UIImage+Antialias.m */ = {isa = PBXFileReference; fileEncoding = 4; lastKnownFileType = sourcecode.c.objc; path = "UIImage+Antialias.m"; sourceTree = "<group>"; };
		DCBE9B561D8CEDAA00E9777A /* UIImage+Image.h */ = {isa = PBXFileReference; fileEncoding = 4; lastKnownFileType = sourcecode.c.h; path = "UIImage+Image.h"; sourceTree = "<group>"; };
		DCBE9B571D8CEDAA00E9777A /* UIImage+Image.m */ = {isa = PBXFileReference; fileEncoding = 4; lastKnownFileType = sourcecode.c.objc; path = "UIImage+Image.m"; sourceTree = "<group>"; };
		DCBE9B581D8CEDAA00E9777A /* UIImageView+Download.h */ = {isa = PBXFileReference; fileEncoding = 4; lastKnownFileType = sourcecode.c.h; path = "UIImageView+Download.h"; sourceTree = "<group>"; };
		DCBE9B591D8CEDAA00E9777A /* UIImageView+Download.m */ = {isa = PBXFileReference; fileEncoding = 4; lastKnownFileType = sourcecode.c.objc; path = "UIImageView+Download.m"; sourceTree = "<group>"; };
		DCBE9B5A1D8CEDAA00E9777A /* UIImageView+Header.h */ = {isa = PBXFileReference; fileEncoding = 4; lastKnownFileType = sourcecode.c.h; path = "UIImageView+Header.h"; sourceTree = "<group>"; };
		DCBE9B5B1D8CEDAA00E9777A /* UIImageView+Header.m */ = {isa = PBXFileReference; fileEncoding = 4; lastKnownFileType = sourcecode.c.objc; path = "UIImageView+Header.m"; sourceTree = "<group>"; };
		DCBE9B5C1D8CEDAA00E9777A /* UIView+Frame.h */ = {isa = PBXFileReference; fileEncoding = 4; lastKnownFileType = sourcecode.c.h; path = "UIView+Frame.h"; sourceTree = "<group>"; };
		DCBE9B5D1D8CEDAA00E9777A /* UIView+Frame.m */ = {isa = PBXFileReference; fileEncoding = 4; lastKnownFileType = sourcecode.c.objc; path = "UIView+Frame.m"; sourceTree = "<group>"; };
		DCBE9B5E1D8CEDAA00E9777A /* UIView+Init.h */ = {isa = PBXFileReference; fileEncoding = 4; lastKnownFileType = sourcecode.c.h; path = "UIView+Init.h"; sourceTree = "<group>"; };
		DCBE9B5F1D8CEDAA00E9777A /* UIView+Init.m */ = {isa = PBXFileReference; fileEncoding = 4; lastKnownFileType = sourcecode.c.objc; path = "UIView+Init.m"; sourceTree = "<group>"; };
		DCBE9B681D8CEDAA00E9777A /* XMGFileCacheManager.h */ = {isa = PBXFileReference; fileEncoding = 4; lastKnownFileType = sourcecode.c.h; path = XMGFileCacheManager.h; sourceTree = "<group>"; };
		DCBE9B691D8CEDAA00E9777A /* XMGFileCacheManager.m */ = {isa = PBXFileReference; fileEncoding = 4; lastKnownFileType = sourcecode.c.objc; path = XMGFileCacheManager.m; sourceTree = "<group>"; };
		DCBE9BA41D8CF00200E9777A /* LIEssenceTableView.h */ = {isa = PBXFileReference; fileEncoding = 4; lastKnownFileType = sourcecode.c.h; path = LIEssenceTableView.h; sourceTree = "<group>"; };
		DCBE9BA51D8CF00200E9777A /* LIEssenceTableView.m */ = {isa = PBXFileReference; fileEncoding = 4; lastKnownFileType = sourcecode.c.objc; path = LIEssenceTableView.m; sourceTree = "<group>"; };
		DCBE9BA71D8CF02300E9777A /* LIFriendTableViewController.h */ = {isa = PBXFileReference; fileEncoding = 4; lastKnownFileType = sourcecode.c.h; path = LIFriendTableViewController.h; sourceTree = "<group>"; };
		DCBE9BA81D8CF02300E9777A /* LIFriendTableViewController.m */ = {isa = PBXFileReference; fileEncoding = 4; lastKnownFileType = sourcecode.c.objc; path = LIFriendTableViewController.m; sourceTree = "<group>"; };
		DCBE9BAA1D8CF03300E9777A /* LIMeTableViewController.h */ = {isa = PBXFileReference; fileEncoding = 4; lastKnownFileType = sourcecode.c.h; path = LIMeTableViewController.h; sourceTree = "<group>"; };
		DCBE9BAB1D8CF03300E9777A /* LIMeTableViewController.m */ = {isa = PBXFileReference; fileEncoding = 4; lastKnownFileType = sourcecode.c.objc; path = LIMeTableViewController.m; sourceTree = "<group>"; };
		DCBE9BAD1D8CF0C300E9777A /* LIShopTableViewController.h */ = {isa = PBXFileReference; fileEncoding = 4; lastKnownFileType = sourcecode.c.h; path = LIShopTableViewController.h; sourceTree = "<group>"; };
		DCBE9BAE1D8CF0C300E9777A /* LIShopTableViewController.m */ = {isa = PBXFileReference; fileEncoding = 4; lastKnownFileType = sourcecode.c.objc; path = LIShopTableViewController.m; sourceTree = "<group>"; };
		DCBE9BBA1D8D051500E9777A /* NLGlobeConst.h */ = {isa = PBXFileReference; fileEncoding = 4; lastKnownFileType = sourcecode.c.h; path = NLGlobeConst.h; sourceTree = "<group>"; };
		DCBE9BBB1D8D051500E9777A /* NLGlobeConst.m */ = {isa = PBXFileReference; fileEncoding = 4; lastKnownFileType = sourcecode.c.objc; path = NLGlobeConst.m; sourceTree = "<group>"; };
		DCBE9BBD1D8D073800E9777A /* UIImageView+Header.h */ = {isa = PBXFileReference; fileEncoding = 4; lastKnownFileType = sourcecode.c.h; path = "UIImageView+Header.h"; sourceTree = "<group>"; };
		DCBE9BBE1D8D073800E9777A /* UIImageView+Header.m */ = {isa = PBXFileReference; fileEncoding = 4; lastKnownFileType = sourcecode.c.objc; path = "UIImageView+Header.m"; sourceTree = "<group>"; };
		DCBE9BC01D8D07E100E9777A /* UIImage+Image.h */ = {isa = PBXFileReference; fileEncoding = 4; lastKnownFileType = sourcecode.c.h; path = "UIImage+Image.h"; sourceTree = "<group>"; };
		DCBE9BC11D8D07E100E9777A /* UIImage+Image.m */ = {isa = PBXFileReference; fileEncoding = 4; lastKnownFileType = sourcecode.c.objc; path = "UIImage+Image.m"; sourceTree = "<group>"; };
		DCBE9BC31D8D08AD00E9777A /* NSCalendar+Init.h */ = {isa = PBXFileReference; fileEncoding = 4; lastKnownFileType = sourcecode.c.h; path = "NSCalendar+Init.h"; sourceTree = "<group>"; };
		DCBE9BC41D8D08AD00E9777A /* NSCalendar+Init.m */ = {isa = PBXFileReference; fileEncoding = 4; lastKnownFileType = sourcecode.c.objc; path = "NSCalendar+Init.m"; sourceTree = "<group>"; };
		DCBE9BC51D8D08AD00E9777A /* NSDate+Interval.h */ = {isa = PBXFileReference; fileEncoding = 4; lastKnownFileType = sourcecode.c.h; path = "NSDate+Interval.h"; sourceTree = "<group>"; };
		DCBE9BC61D8D08AD00E9777A /* NSDate+Interval.m */ = {isa = PBXFileReference; fileEncoding = 4; lastKnownFileType = sourcecode.c.objc; path = "NSDate+Interval.m"; sourceTree = "<group>"; };
		DCDE6A261D8C619400C8A45A /* baibai.app */ = {isa = PBXFileReference; explicitFileType = wrapper.application; includeInIndex = 0; path = baibai.app; sourceTree = BUILT_PRODUCTS_DIR; };
		DCDE6A2A1D8C619400C8A45A /* main.m */ = {isa = PBXFileReference; lastKnownFileType = sourcecode.c.objc; path = main.m; sourceTree = "<group>"; };
		DCDE6A2C1D8C619400C8A45A /* AppDelegate.h */ = {isa = PBXFileReference; lastKnownFileType = sourcecode.c.h; path = AppDelegate.h; sourceTree = "<group>"; };
		DCDE6A2D1D8C619400C8A45A /* AppDelegate.m */ = {isa = PBXFileReference; lastKnownFileType = sourcecode.c.objc; path = AppDelegate.m; sourceTree = "<group>"; };
		DCDE6A331D8C619400C8A45A /* Base */ = {isa = PBXFileReference; lastKnownFileType = file.storyboard; name = Base; path = Base.lproj/Main.storyboard; sourceTree = "<group>"; };
		DCDE6A351D8C619400C8A45A /* Assets.xcassets */ = {isa = PBXFileReference; lastKnownFileType = folder.assetcatalog; path = Assets.xcassets; sourceTree = "<group>"; };
		DCDE6A381D8C619400C8A45A /* Base */ = {isa = PBXFileReference; lastKnownFileType = file.storyboard; name = Base; path = Base.lproj/LaunchScreen.storyboard; sourceTree = "<group>"; };
		DCDE6A3A1D8C619400C8A45A /* Info.plist */ = {isa = PBXFileReference; lastKnownFileType = text.plist.xml; path = Info.plist; sourceTree = "<group>"; };
		DE72DFA432C3331B801D5EB4 /* Pods-baibai.debug.xcconfig */ = {isa = PBXFileReference; includeInIndex = 1; lastKnownFileType = text.xcconfig; name = "Pods-baibai.debug.xcconfig"; path = "Pods/Target Support Files/Pods-baibai/Pods-baibai.debug.xcconfig"; sourceTree = "<group>"; };
/* End PBXFileReference section */

/* Begin PBXFrameworksBuildPhase section */
		DCDE6A231D8C619400C8A45A /* Frameworks */ = {
			isa = PBXFrameworksBuildPhase;
			buildActionMask = 2147483647;
			files = (
				688D56FAE292ED4DACA08761 /* libPods-baibai.a in Frameworks */,
			);
			runOnlyForDeploymentPostprocessing = 0;
		};
/* End PBXFrameworksBuildPhase section */

/* Begin PBXGroup section */
		4A5EE4F338E9C49C47C690A5 /* Pods */ = {
			isa = PBXGroup;
			children = (
				DE72DFA432C3331B801D5EB4 /* Pods-baibai.debug.xcconfig */,
				53441B385638621E6DCB6CCE /* Pods-baibai.release.xcconfig */,
			);
			name = Pods;
			sourceTree = "<group>";
		};
		6D69C228F5BAC97B22E00991 /* Frameworks */ = {
			isa = PBXGroup;
			children = (
				085115BEDEEFD2EFB6F781F9 /* libPods-baibai.a */,
			);
			name = Frameworks;
			sourceTree = "<group>";
		};
		DCBE9AD91D8CEB8E00E9777A /* CYLTabBarController */ = {
			isa = PBXGroup;
			children = (
				DCBE9ADA1D8CEB8E00E9777A /* CYLConstants.h */,
				DCBE9ADB1D8CEB8E00E9777A /* CYLPlusButton.h */,
				DCBE9ADC1D8CEB8E00E9777A /* CYLPlusButton.m */,
				DCBE9ADD1D8CEB8E00E9777A /* CYLTabBar.h */,
				DCBE9ADE1D8CEB8E00E9777A /* CYLTabBar.m */,
				DCBE9ADF1D8CEB8E00E9777A /* CYLTabBarController.h */,
				DCBE9AE01D8CEB8E00E9777A /* CYLTabBarController.m */,
				DCBE9AE11D8CEB8E00E9777A /* UIViewController+CYLTabBarControllerExtention.h */,
				DCBE9AE21D8CEB8E00E9777A /* UIViewController+CYLTabBarControllerExtention.m */,
			);
			path = CYLTabBarController;
			sourceTree = "<group>";
		};
		DCBE9AEB1D8CEDAA00E9777A /* Essence-精华 */ = {
			isa = PBXGroup;
			children = (
				DCBE9AEC1D8CEDAA00E9777A /* Controller */,
				DCBE9AFC1D8CEDAA00E9777A /* Model */,
				DCBE9AFF1D8CEDAA00E9777A /* View */,
			);
			path = "Essence-精华";
			sourceTree = "<group>";
		};
		DCBE9AEC1D8CEDAA00E9777A /* Controller */ = {
			isa = PBXGroup;
			children = (
				DCBE9BA41D8CF00200E9777A /* LIEssenceTableView.h */,
				DCBE9BA51D8CF00200E9777A /* LIEssenceTableView.m */,
			);
			path = Controller;
			sourceTree = "<group>";
		};
		DCBE9AFC1D8CEDAA00E9777A /* Model */ = {
			isa = PBXGroup;
			children = (
			);
			path = Model;
			sourceTree = "<group>";
		};
		DCBE9AFF1D8CEDAA00E9777A /* View */ = {
			isa = PBXGroup;
			children = (
			);
			path = View;
			sourceTree = "<group>";
		};
		DCBE9B0E1D8CEDAA00E9777A /* FriendTrends-关注 */ = {
			isa = PBXGroup;
			children = (
				DCBE9B0F1D8CEDAA00E9777A /* Controller */,
				DCBE9B161D8CEDAA00E9777A /* Model */,
				DCBE9B171D8CEDAA00E9777A /* View */,
			);
			path = "FriendTrends-关注";
			sourceTree = "<group>";
		};
		DCBE9B0F1D8CEDAA00E9777A /* Controller */ = {
			isa = PBXGroup;
			children = (
				DCBE9BA71D8CF02300E9777A /* LIFriendTableViewController.h */,
				DCBE9BA81D8CF02300E9777A /* LIFriendTableViewController.m */,
			);
			path = Controller;
			sourceTree = "<group>";
		};
		DCBE9B161D8CEDAA00E9777A /* Model */ = {
			isa = PBXGroup;
			children = (
			);
			path = Model;
			sourceTree = "<group>";
		};
		DCBE9B171D8CEDAA00E9777A /* View */ = {
			isa = PBXGroup;
			children = (
			);
			path = View;
			sourceTree = "<group>";
		};
		DCBE9B221D8CEDAA00E9777A /* Main-主要 */ = {
			isa = PBXGroup;
			children = (
				DCBE9B231D8CEDAA00E9777A /* Controller */,
				DCBE9B261D8CEDAA00E9777A /* Model */,
				DCBE9B271D8CEDAA00E9777A /* View */,
			);
			path = "Main-主要";
			sourceTree = "<group>";
		};
		DCBE9B231D8CEDAA00E9777A /* Controller */ = {
			isa = PBXGroup;
			children = (
			);
			path = Controller;
			sourceTree = "<group>";
		};
		DCBE9B261D8CEDAA00E9777A /* Model */ = {
			isa = PBXGroup;
			children = (
			);
			path = Model;
			sourceTree = "<group>";
		};
		DCBE9B271D8CEDAA00E9777A /* View */ = {
			isa = PBXGroup;
			children = (
			);
			path = View;
			sourceTree = "<group>";
		};
		DCBE9B2A1D8CEDAA00E9777A /* Me-我 */ = {
			isa = PBXGroup;
			children = (
				DCBE9B2B1D8CEDAA00E9777A /* Controller */,
				DCBE9B341D8CEDAA00E9777A /* Model */,
				DCBE9B371D8CEDAA00E9777A /* View */,
			);
			path = "Me-我";
			sourceTree = "<group>";
		};
		DCBE9B2B1D8CEDAA00E9777A /* Controller */ = {
			isa = PBXGroup;
			children = (
				DCBE9BAA1D8CF03300E9777A /* LIMeTableViewController.h */,
				DCBE9BAB1D8CF03300E9777A /* LIMeTableViewController.m */,
			);
			path = Controller;
			sourceTree = "<group>";
		};
		DCBE9B341D8CEDAA00E9777A /* Model */ = {
			isa = PBXGroup;
			children = (
			);
			path = Model;
			sourceTree = "<group>";
		};
		DCBE9B371D8CEDAA00E9777A /* View */ = {
			isa = PBXGroup;
			children = (
			);
			path = View;
			sourceTree = "<group>";
		};
		DCBE9B3B1D8CEDAA00E9777A /* Shop-购物 */ = {
			isa = PBXGroup;
			children = (
				DCBE9B3C1D8CEDAA00E9777A /* Controller */,
				DCBE9B411D8CEDAA00E9777A /* Model */,
				DCBE9B441D8CEDAA00E9777A /* View */,
			);
			name = "Shop-购物";
			path = "New-新帖";
			sourceTree = "<group>";
		};
		DCBE9B3C1D8CEDAA00E9777A /* Controller */ = {
			isa = PBXGroup;
			children = (
				DCBE9BAD1D8CF0C300E9777A /* LIShopTableViewController.h */,
				DCBE9BAE1D8CF0C300E9777A /* LIShopTableViewController.m */,
			);
			path = Controller;
			sourceTree = "<group>";
		};
		DCBE9B411D8CEDAA00E9777A /* Model */ = {
			isa = PBXGroup;
			children = (
			);
			path = Model;
			sourceTree = "<group>";
		};
		DCBE9B441D8CEDAA00E9777A /* View */ = {
			isa = PBXGroup;
			children = (
			);
			path = View;
			sourceTree = "<group>";
		};
		DCBE9B481D8CEDAA00E9777A /* Other-其他 */ = {
			isa = PBXGroup;
			children = (
				DCBE9BC31D8D08AD00E9777A /* NSCalendar+Init.h */,
				DCBE9BC41D8D08AD00E9777A /* NSCalendar+Init.m */,
				DCBE9BC51D8D08AD00E9777A /* NSDate+Interval.h */,
				DCBE9BC61D8D08AD00E9777A /* NSDate+Interval.m */,
				DCBE9BC01D8D07E100E9777A /* UIImage+Image.h */,
				DCBE9BC11D8D07E100E9777A /* UIImage+Image.m */,
				DCBE9BBD1D8D073800E9777A /* UIImageView+Header.h */,
				DCBE9BBE1D8D073800E9777A /* UIImageView+Header.m */,
				DCBE9BBA1D8D051500E9777A /* NLGlobeConst.h */,
				DCBE9BBB1D8D051500E9777A /* NLGlobeConst.m */,
				DCBE9B4B1D8CEDAA00E9777A /* Category */,
			);
			path = "Other-其他";
			sourceTree = "<group>";
		};
		DCBE9B4B1D8CEDAA00E9777A /* Category */ = {
			isa = PBXGroup;
			children = (
				DCBE9B4C1D8CEDAA00E9777A /* NSCalendar+Init.h */,
				DCBE9B4D1D8CEDAA00E9777A /* NSCalendar+Init.m */,
				DCBE9B4E1D8CEDAA00E9777A /* NSDate+Interval.h */,
				DCBE9B4F1D8CEDAA00E9777A /* NSDate+Interval.m */,
				DCBE9B501D8CEDAA00E9777A /* UIBarButtonItem+NLExtension.h */,
				DCBE9B511D8CEDAA00E9777A /* UIBarButtonItem+NLExtension.m */,
				DCBE9B521D8CEDAA00E9777A /* UIColor+Hex.h */,
				DCBE9B531D8CEDAA00E9777A /* UIColor+Hex.m */,
				DCBE9B541D8CEDAA00E9777A /* UIImage+Antialias.h */,
				DCBE9B551D8CEDAA00E9777A /* UIImage+Antialias.m */,
				DCBE9B561D8CEDAA00E9777A /* UIImage+Image.h */,
				DCBE9B571D8CEDAA00E9777A /* UIImage+Image.m */,
				DCBE9B581D8CEDAA00E9777A /* UIImageView+Download.h */,
				DCBE9B591D8CEDAA00E9777A /* UIImageView+Download.m */,
				DCBE9B5A1D8CEDAA00E9777A /* UIImageView+Header.h */,
				DCBE9B5B1D8CEDAA00E9777A /* UIImageView+Header.m */,
				DCBE9B5C1D8CEDAA00E9777A /* UIView+Frame.h */,
				DCBE9B5D1D8CEDAA00E9777A /* UIView+Frame.m */,
				DCBE9B5E1D8CEDAA00E9777A /* UIView+Init.h */,
				DCBE9B5F1D8CEDAA00E9777A /* UIView+Init.m */,
			);
			path = Category;
			sourceTree = "<group>";
		};
		DCBE9B661D8CEDAA00E9777A /* Tool-业务类 */ = {
			isa = PBXGroup;
			children = (
				DCBE9B671D8CEDAA00E9777A /* FileCaChe */,
			);
			path = "Tool-业务类";
			sourceTree = "<group>";
		};
		DCBE9B671D8CEDAA00E9777A /* FileCaChe */ = {
			isa = PBXGroup;
			children = (
				DCBE9B681D8CEDAA00E9777A /* XMGFileCacheManager.h */,
				DCBE9B691D8CEDAA00E9777A /* XMGFileCacheManager.m */,
			);
			path = FileCaChe;
			sourceTree = "<group>";
		};
		DCDE6A1D1D8C619400C8A45A = {
			isa = PBXGroup;
			children = (
				DCDE6A281D8C619400C8A45A /* baibai */,
				DCDE6A271D8C619400C8A45A /* Products */,
				4A5EE4F338E9C49C47C690A5 /* Pods */,
				6D69C228F5BAC97B22E00991 /* Frameworks */,
			);
			sourceTree = "<group>";
		};
		DCDE6A271D8C619400C8A45A /* Products */ = {
			isa = PBXGroup;
			children = (
				DCDE6A261D8C619400C8A45A /* baibai.app */,
			);
			name = Products;
			sourceTree = "<group>";
		};
		DCDE6A281D8C619400C8A45A /* baibai */ = {
			isa = PBXGroup;
			children = (
				DCDE6A2C1D8C619400C8A45A /* AppDelegate.h */,
				DCDE6A2D1D8C619400C8A45A /* AppDelegate.m */,
				DCBE9AE81D8CEC4E00E9777A /* CYLTabBarControllerConfig.h */,
				DCBE9AE91D8CEC4E00E9777A /* CYLTabBarControllerConfig.m */,
				DCBE9AEB1D8CEDAA00E9777A /* Essence-精华 */,
				DCBE9B0E1D8CEDAA00E9777A /* FriendTrends-关注 */,
				DCBE9B221D8CEDAA00E9777A /* Main-主要 */,
				DCBE9B2A1D8CEDAA00E9777A /* Me-我 */,
				DCBE9B3B1D8CEDAA00E9777A /* Shop-购物 */,
				DCBE9B481D8CEDAA00E9777A /* Other-其他 */,
				DCBE9B661D8CEDAA00E9777A /* Tool-业务类 */,
				DCBE9AD91D8CEB8E00E9777A /* CYLTabBarController */,
				DCDE6A321D8C619400C8A45A /* Main.storyboard */,
				DCDE6A351D8C619400C8A45A /* Assets.xcassets */,
				DCDE6A371D8C619400C8A45A /* LaunchScreen.storyboard */,
				DCDE6A3A1D8C619400C8A45A /* Info.plist */,
				DCDE6A291D8C619400C8A45A /* Supporting Files */,
			);
			path = baibai;
			sourceTree = "<group>";
		};
		DCDE6A291D8C619400C8A45A /* Supporting Files */ = {
			isa = PBXGroup;
			children = (
				DCDE6A2A1D8C619400C8A45A /* main.m */,
			);
			name = "Supporting Files";
			sourceTree = "<group>";
		};
/* End PBXGroup section */

/* Begin PBXNativeTarget section */
		DCDE6A251D8C619400C8A45A /* baibai */ = {
			isa = PBXNativeTarget;
			buildConfigurationList = DCDE6A3D1D8C619400C8A45A /* Build configuration list for PBXNativeTarget "baibai" */;
			buildPhases = (
				3C917A0E93EFCBCC372C11A1 /* [CP] Check Pods Manifest.lock */,
				DCDE6A221D8C619400C8A45A /* Sources */,
				DCDE6A231D8C619400C8A45A /* Frameworks */,
				DCDE6A241D8C619400C8A45A /* Resources */,
				A57AD71A4B52C523FDFFAF50 /* [CP] Embed Pods Frameworks */,
				897DBF27190CEF7893E92181 /* [CP] Copy Pods Resources */,
			);
			buildRules = (
			);
			dependencies = (
			);
			name = baibai;
			productName = baibai;
			productReference = DCDE6A261D8C619400C8A45A /* baibai.app */;
			productType = "com.apple.product-type.application";
		};
/* End PBXNativeTarget section */

/* Begin PBXProject section */
		DCDE6A1E1D8C619400C8A45A /* Project object */ = {
			isa = PBXProject;
			attributes = {
				CLASSPREFIX = LI;
				LastUpgradeCheck = 0710;
				ORGANIZATIONNAME = litoyo;
				TargetAttributes = {
					DCDE6A251D8C619400C8A45A = {
						CreatedOnToolsVersion = 7.1.1;
					};
				};
			};
			buildConfigurationList = DCDE6A211D8C619400C8A45A /* Build configuration list for PBXProject "baibai" */;
			compatibilityVersion = "Xcode 3.2";
			developmentRegion = English;
			hasScannedForEncodings = 0;
			knownRegions = (
				en,
				Base,
			);
			mainGroup = DCDE6A1D1D8C619400C8A45A;
			productRefGroup = DCDE6A271D8C619400C8A45A /* Products */;
			projectDirPath = "";
			projectRoot = "";
			targets = (
				DCDE6A251D8C619400C8A45A /* baibai */,
			);
		};
/* End PBXProject section */

/* Begin PBXResourcesBuildPhase section */
		DCDE6A241D8C619400C8A45A /* Resources */ = {
			isa = PBXResourcesBuildPhase;
			buildActionMask = 2147483647;
			files = (
				DCDE6A391D8C619400C8A45A /* LaunchScreen.storyboard in Resources */,
				DCDE6A361D8C619400C8A45A /* Assets.xcassets in Resources */,
				DCDE6A341D8C619400C8A45A /* Main.storyboard in Resources */,
			);
			runOnlyForDeploymentPostprocessing = 0;
		};
/* End PBXResourcesBuildPhase section */

/* Begin PBXShellScriptBuildPhase section */
		3C917A0E93EFCBCC372C11A1 /* [CP] Check Pods Manifest.lock */ = {
			isa = PBXShellScriptBuildPhase;
			buildActionMask = 2147483647;
			files = (
			);
			inputPaths = (
			);
			name = "[CP] Check Pods Manifest.lock";
			outputPaths = (
			);
			runOnlyForDeploymentPostprocessing = 0;
			shellPath = /bin/sh;
			shellScript = "diff \"${PODS_ROOT}/../Podfile.lock\" \"${PODS_ROOT}/Manifest.lock\" > /dev/null\nif [[ $? != 0 ]] ; then\n    cat << EOM\nerror: The sandbox is not in sync with the Podfile.lock. Run 'pod install' or update your CocoaPods installation.\nEOM\n    exit 1\nfi\n";
			showEnvVarsInLog = 0;
		};
		897DBF27190CEF7893E92181 /* [CP] Copy Pods Resources */ = {
			isa = PBXShellScriptBuildPhase;
			buildActionMask = 2147483647;
			files = (
			);
			inputPaths = (
			);
			name = "[CP] Copy Pods Resources";
			outputPaths = (
			);
			runOnlyForDeploymentPostprocessing = 0;
			shellPath = /bin/sh;
			shellScript = "\"${SRCROOT}/Pods/Target Support Files/Pods-baibai/Pods-baibai-resources.sh\"\n";
			showEnvVarsInLog = 0;
		};
		A57AD71A4B52C523FDFFAF50 /* [CP] Embed Pods Frameworks */ = {
			isa = PBXShellScriptBuildPhase;
			buildActionMask = 2147483647;
			files = (
			);
			inputPaths = (
			);
			name = "[CP] Embed Pods Frameworks";
			outputPaths = (
			);
			runOnlyForDeploymentPostprocessing = 0;
			shellPath = /bin/sh;
			shellScript = "\"${SRCROOT}/Pods/Target Support Files/Pods-baibai/Pods-baibai-frameworks.sh\"\n";
			showEnvVarsInLog = 0;
		};
/* End PBXShellScriptBuildPhase section */

/* Begin PBXSourcesBuildPhase section */
		DCDE6A221D8C619400C8A45A /* Sources */ = {
			isa = PBXSourcesBuildPhase;
			buildActionMask = 2147483647;
			files = (
				DCBE9B9F1D8CEDAA00E9777A /* UIView+Init.m in Sources */,
				DCBE9AEA1D8CEC4E00E9777A /* CYLTabBarControllerConfig.m in Sources */,
				DCBE9BA31D8CEDAA00E9777A /* XMGFileCacheManager.m in Sources */,
				DCBE9B961D8CEDAA00E9777A /* NSCalendar+Init.m in Sources */,
				DCBE9BC81D8D08AD00E9777A /* NSDate+Interval.m in Sources */,
				DCBE9B981D8CEDAA00E9777A /* UIBarButtonItem+NLExtension.m in Sources */,
				DCBE9BBC1D8D051500E9777A /* NLGlobeConst.m in Sources */,
				DCBE9BA91D8CF02300E9777A /* LIFriendTableViewController.m in Sources */,
				DCBE9B971D8CEDAA00E9777A /* NSDate+Interval.m in Sources */,
				DCDE6A2E1D8C619400C8A45A /* AppDelegate.m in Sources */,
				DCBE9B9D1D8CEDAA00E9777A /* UIImageView+Header.m in Sources */,
				DCBE9BBF1D8D073800E9777A /* UIImageView+Header.m in Sources */,
				DCBE9BC21D8D07E100E9777A /* UIImage+Image.m in Sources */,
				DCBE9BAF1D8CF0C300E9777A /* LIShopTableViewController.m in Sources */,
				DCBE9BA61D8CF00200E9777A /* LIEssenceTableView.m in Sources */,
				DCBE9B9C1D8CEDAA00E9777A /* UIImageView+Download.m in Sources */,
				DCBE9B9A1D8CEDAA00E9777A /* UIImage+Antialias.m in Sources */,
				DCBE9AE51D8CEB8E00E9777A /* CYLTabBarController.m in Sources */,
				DCBE9AE31D8CEB8E00E9777A /* CYLPlusButton.m in Sources */,
				DCBE9B991D8CEDAA00E9777A /* UIColor+Hex.m in Sources */,
				DCBE9AE41D8CEB8E00E9777A /* CYLTabBar.m in Sources */,
				DCBE9BC71D8D08AD00E9777A /* NSCalendar+Init.m in Sources */,
				DCBE9B9E1D8CEDAA00E9777A /* UIView+Frame.m in Sources */,
				DCBE9AE61D8CEB8E00E9777A /* UIViewController+CYLTabBarControllerExtention.m in Sources */,
				DCBE9BAC1D8CF03300E9777A /* LIMeTableViewController.m in Sources */,
				DCBE9B9B1D8CEDAA00E9777A /* UIImage+Image.m in Sources */,
				DCDE6A2B1D8C619400C8A45A /* main.m in Sources */,
			);
			runOnlyForDeploymentPostprocessing = 0;
		};
/* End PBXSourcesBuildPhase section */

/* Begin PBXVariantGroup section */
		DCDE6A321D8C619400C8A45A /* Main.storyboard */ = {
			isa = PBXVariantGroup;
			children = (
				DCDE6A331D8C619400C8A45A /* Base */,
			);
			name = Main.storyboard;
			sourceTree = "<group>";
		};
		DCDE6A371D8C619400C8A45A /* LaunchScreen.storyboard */ = {
			isa = PBXVariantGroup;
			children = (
				DCDE6A381D8C619400C8A45A /* Base */,
			);
			name = LaunchScreen.storyboard;
			sourceTree = "<group>";
		};
/* End PBXVariantGroup section */

/* Begin XCBuildConfiguration section */
		DCDE6A3B1D8C619400C8A45A /* Debug */ = {
			isa = XCBuildConfiguration;
			buildSettings = {
				ALWAYS_SEARCH_USER_PATHS = NO;
				CLANG_CXX_LANGUAGE_STANDARD = "gnu++0x";
				CLANG_CXX_LIBRARY = "libc++";
				CLANG_ENABLE_MODULES = YES;
				CLANG_ENABLE_OBJC_ARC = YES;
				CLANG_WARN_BOOL_CONVERSION = YES;
				CLANG_WARN_CONSTANT_CONVERSION = YES;
				CLANG_WARN_DIRECT_OBJC_ISA_USAGE = YES_ERROR;
				CLANG_WARN_EMPTY_BODY = YES;
				CLANG_WARN_ENUM_CONVERSION = YES;
				CLANG_WARN_INT_CONVERSION = YES;
				CLANG_WARN_OBJC_ROOT_CLASS = YES_ERROR;
				CLANG_WARN_UNREACHABLE_CODE = YES;
				CLANG_WARN__DUPLICATE_METHOD_MATCH = YES;
				"CODE_SIGN_IDENTITY[sdk=iphoneos*]" = "iPhone Developer";
				COPY_PHASE_STRIP = NO;
				DEBUG_INFORMATION_FORMAT = dwarf;
				ENABLE_STRICT_OBJC_MSGSEND = YES;
				ENABLE_TESTABILITY = YES;
				GCC_C_LANGUAGE_STANDARD = gnu99;
				GCC_DYNAMIC_NO_PIC = NO;
				GCC_NO_COMMON_BLOCKS = YES;
				GCC_OPTIMIZATION_LEVEL = 0;
				GCC_PREPROCESSOR_DEFINITIONS = (
					"DEBUG=1",
					"$(inherited)",
				);
				GCC_WARN_64_TO_32_BIT_CONVERSION = YES;
				GCC_WARN_ABOUT_RETURN_TYPE = YES_ERROR;
				GCC_WARN_UNDECLARED_SELECTOR = YES;
				GCC_WARN_UNINITIALIZED_AUTOS = YES_AGGRESSIVE;
				GCC_WARN_UNUSED_FUNCTION = YES;
				GCC_WARN_UNUSED_VARIABLE = YES;
				IPHONEOS_DEPLOYMENT_TARGET = 9.1;
				MTL_ENABLE_DEBUG_INFO = YES;
				ONLY_ACTIVE_ARCH = YES;
				SDKROOT = iphoneos;
			};
			name = Debug;
		};
		DCDE6A3C1D8C619400C8A45A /* Release */ = {
			isa = XCBuildConfiguration;
			buildSettings = {
				ALWAYS_SEARCH_USER_PATHS = NO;
				CLANG_CXX_LANGUAGE_STANDARD = "gnu++0x";
				CLANG_CXX_LIBRARY = "libc++";
				CLANG_ENABLE_MODULES = YES;
				CLANG_ENABLE_OBJC_ARC = YES;
				CLANG_WARN_BOOL_CONVERSION = YES;
				CLANG_WARN_CONSTANT_CONVERSION = YES;
				CLANG_WARN_DIRECT_OBJC_ISA_USAGE = YES_ERROR;
				CLANG_WARN_EMPTY_BODY = YES;
				CLANG_WARN_ENUM_CONVERSION = YES;
				CLANG_WARN_INT_CONVERSION = YES;
				CLANG_WARN_OBJC_ROOT_CLASS = YES_ERROR;
				CLANG_WARN_UNREACHABLE_CODE = YES;
				CLANG_WARN__DUPLICATE_METHOD_MATCH = YES;
				"CODE_SIGN_IDENTITY[sdk=iphoneos*]" = "iPhone Developer";
				COPY_PHASE_STRIP = NO;
				DEBUG_INFORMATION_FORMAT = "dwarf-with-dsym";
				ENABLE_NS_ASSERTIONS = NO;
				ENABLE_STRICT_OBJC_MSGSEND = YES;
				GCC_C_LANGUAGE_STANDARD = gnu99;
				GCC_NO_COMMON_BLOCKS = YES;
				GCC_WARN_64_TO_32_BIT_CONVERSION = YES;
				GCC_WARN_ABOUT_RETURN_TYPE = YES_ERROR;
				GCC_WARN_UNDECLARED_SELECTOR = YES;
				GCC_WARN_UNINITIALIZED_AUTOS = YES_AGGRESSIVE;
				GCC_WARN_UNUSED_FUNCTION = YES;
				GCC_WARN_UNUSED_VARIABLE = YES;
				IPHONEOS_DEPLOYMENT_TARGET = 9.1;
				MTL_ENABLE_DEBUG_INFO = NO;
				SDKROOT = iphoneos;
				VALIDATE_PRODUCT = YES;
			};
			name = Release;
		};
		DCDE6A3E1D8C619400C8A45A /* Debug */ = {
			isa = XCBuildConfiguration;
			baseConfigurationReference = DE72DFA432C3331B801D5EB4 /* Pods-baibai.debug.xcconfig */;
			buildSettings = {
				ASSETCATALOG_COMPILER_APPICON_NAME = AppIcon;
				INFOPLIST_FILE = baibai/Info.plist;
				IPHONEOS_DEPLOYMENT_TARGET = 8.0;
				LD_RUNPATH_SEARCH_PATHS = "$(inherited) @executable_path/Frameworks";
				PRODUCT_BUNDLE_IDENTIFIER = com.7788.baibai;
				PRODUCT_NAME = "$(TARGET_NAME)";
			};
			name = Debug;
		};
		DCDE6A3F1D8C619400C8A45A /* Release */ = {
			isa = XCBuildConfiguration;
			baseConfigurationReference = 53441B385638621E6DCB6CCE /* Pods-baibai.release.xcconfig */;
			buildSettings = {
				ASSETCATALOG_COMPILER_APPICON_NAME = AppIcon;
				INFOPLIST_FILE = baibai/Info.plist;
				IPHONEOS_DEPLOYMENT_TARGET = 8.0;
				LD_RUNPATH_SEARCH_PATHS = "$(inherited) @executable_path/Frameworks";
				PRODUCT_BUNDLE_IDENTIFIER = com.7788.baibai;
				PRODUCT_NAME = "$(TARGET_NAME)";
			};
			name = Release;
		};
/* End XCBuildConfiguration section */

/* Begin XCConfigurationList section */
		DCDE6A211D8C619400C8A45A /* Build configuration list for PBXProject "baibai" */ = {
			isa = XCConfigurationList;
			buildConfigurations = (
				DCDE6A3B1D8C619400C8A45A /* Debug */,
				DCDE6A3C1D8C619400C8A45A /* Release */,
			);
			defaultConfigurationIsVisible = 0;
			defaultConfigurationName = Release;
		};
		DCDE6A3D1D8C619400C8A45A /* Build configuration list for PBXNativeTarget "baibai" */ = {
			isa = XCConfigurationList;
			buildConfigurations = (
				DCDE6A3E1D8C619400C8A45A /* Debug */,
				DCDE6A3F1D8C619400C8A45A /* Release */,
			);
			defaultConfigurationIsVisible = 0;
			defaultConfigurationName = Release;
		};
/* End XCConfigurationList section */
	};
	rootObject = DCDE6A1E1D8C619400C8A45A /* Project object */;
}
